{
  "originHash" : "b8c9771db7b7e2dadf55154eb8daedd6c3e4bf0252bcd69be463bbd334064d26",
  "pins" : [
    {
      "identity" : "keychainaccess",
      "kind" : "remoteSourceControl",
      "location" : "https://github.com/kishikawakatsumi/KeychainAccess.git",
      "state" : {
        "revision" : "84e546727d66f1adc5439debad16270d0fdd04e7",
        "version" : "4.2.2"
      }
    },
    {
      "identity" : "swiftclient",
      "kind" : "remoteSourceControl",
      "location" : "https://github.com/TelemetryDeck/SwiftClient",
      "state" : {
        "revision" : "65bfb4ce809c58deee31b4889ee650b01ed04a88",
        "version" : "2.8.2"
      }
    }
  ],
  "version" : 3
}
